<Solution>
  <Folder Name="/解决方案项/">
    <File Path="../.github/workflows/build.yml" />
    <File Path="NugetPackage.props" />
    <File Path="../README.md" />
  </Folder>
  <Project Path="SqlSugarUtility.Extensions/SqlSugarUtility.Extensions.csproj" />
  <Project Path="SqlSugarUtility/SqlSugarUtility.csproj" />
</Solution>
